
Microsoft Visual Studio Solution File, Format Version 12.00
# Visual Studio 14
VisualStudioVersion = 14.0.25420.1
MinimumVisualStudioVersion = 10.0.40219.1
Project("{FAE04EC0-301F-11D3-BF4B-00C04F79EFBC}") = "msPerfAgentConsole", "msPerfAgentConsole\msPerfAgentConsole.csproj", "{7CF86303-9B57-4361-BA66-01F344263FE6}"
EndProject
Project("{2150E333-8FDC-42A3-9474-1A3956D46DE8}") = "Solution Items", "Solution Items", "{1E369F9E-5B24-422C-A5FA-648B31E6B0D7}"
	ProjectSection(SolutionItems) = preProject
		msPerfAgent.cs = msPerfAgent.cs
		msPerfAgentCounter.cs = msPerfAgentCounter.cs
		msPerfAgentXml.cs = msPerfAgentXml.cs
		Readme.md = Readme.md
	EndProjectSection
EndProject
Project("{2150E333-8FDC-42A3-9474-1A3956D46DE8}") = "configFiles", "configFiles", "{2C3DD74D-AD2A-46B8-A8FC-74F7E884F930}"
	ProjectSection(SolutionItems) = preProject
		msPerfAgentConfig\msPerfAgentConfig.xml = msPerfAgentConfig\msPerfAgentConfig.xml
		msPerfAgentConfig\StatsToGraphiteConfig.xml = msPerfAgentConfig\StatsToGraphiteConfig.xml
	EndProjectSection
EndProject
Project("{FAE04EC0-301F-11D3-BF4B-00C04F79EFBC}") = "msPerfAgentService", "msPerfAgentService\msPerfAgentService.csproj", "{EF1D4281-DF57-4C2E-A76C-3FDE56825AAE}"
EndProject
Project("{2150E333-8FDC-42A3-9474-1A3956D46DE8}") = "docs", "docs", "{38CA6355-6A0E-4035-97F2-B032D11FE9BB}"
	ProjectSection(SolutionItems) = preProject
		docs\runemy.md = docs\runemy.md
	EndProjectSection
EndProject
Global
	GlobalSection(SolutionConfigurationPlatforms) = preSolution
		Debug|Any CPU = Debug|Any CPU
		Debug|x64 = Debug|x64
		Release|Any CPU = Release|Any CPU
		Release|x64 = Release|x64
	EndGlobalSection
	GlobalSection(ProjectConfigurationPlatforms) = postSolution
		{7CF86303-9B57-4361-BA66-01F344263FE6}.Debug|Any CPU.ActiveCfg = Debug|Any CPU
		{7CF86303-9B57-4361-BA66-01F344263FE6}.Debug|Any CPU.Build.0 = Debug|Any CPU
		{7CF86303-9B57-4361-BA66-01F344263FE6}.Debug|x64.ActiveCfg = Debug|x64
		{7CF86303-9B57-4361-BA66-01F344263FE6}.Debug|x64.Build.0 = Debug|x64
		{7CF86303-9B57-4361-BA66-01F344263FE6}.Release|Any CPU.ActiveCfg = Release|Any CPU
		{7CF86303-9B57-4361-BA66-01F344263FE6}.Release|Any CPU.Build.0 = Release|Any CPU
		{7CF86303-9B57-4361-BA66-01F344263FE6}.Release|x64.ActiveCfg = Release|x64
		{7CF86303-9B57-4361-BA66-01F344263FE6}.Release|x64.Build.0 = Release|x64
		{EF1D4281-DF57-4C2E-A76C-3FDE56825AAE}.Debug|Any CPU.ActiveCfg = Debug|Any CPU
		{EF1D4281-DF57-4C2E-A76C-3FDE56825AAE}.Debug|Any CPU.Build.0 = Debug|Any CPU
		{EF1D4281-DF57-4C2E-A76C-3FDE56825AAE}.Debug|x64.ActiveCfg = Debug|Any CPU
		{EF1D4281-DF57-4C2E-A76C-3FDE56825AAE}.Debug|x64.Build.0 = Debug|Any CPU
		{EF1D4281-DF57-4C2E-A76C-3FDE56825AAE}.Release|Any CPU.ActiveCfg = Release|Any CPU
		{EF1D4281-DF57-4C2E-A76C-3FDE56825AAE}.Release|Any CPU.Build.0 = Release|Any CPU
		{EF1D4281-DF57-4C2E-A76C-3FDE56825AAE}.Release|x64.ActiveCfg = Release|Any CPU
		{EF1D4281-DF57-4C2E-A76C-3FDE56825AAE}.Release|x64.Build.0 = Release|Any CPU
	EndGlobalSection
	GlobalSection(SolutionProperties) = preSolution
		HideSolutionNode = FALSE
	EndGlobalSection
	GlobalSection(NestedProjects) = preSolution
		{2C3DD74D-AD2A-46B8-A8FC-74F7E884F930} = {1E369F9E-5B24-422C-A5FA-648B31E6B0D7}
		{38CA6355-6A0E-4035-97F2-B032D11FE9BB} = {1E369F9E-5B24-422C-A5FA-648B31E6B0D7}
	EndGlobalSection
EndGlobal
